// !$*UTF8*$!
{
	archiveVersion = 1;
	classes = {
	};
	objectVersion = 46;
	objects = {

/* Begin PBXCopyFilesBuildPhase section */
		75D49B19145D2022005A03F7 /* CopyFiles */ = {
			isa = PBXCopyFilesBuildPhase;
			buildActionMask = 8;
			dstPath = /usr/share/man/man1/;
			dstSubfolderSpec = 0;
			files = (
			);
			runOnlyForDeploymentPostprocessing = 1;
		};
/* End PBXCopyFilesBuildPhase section */

/* Begin PBXFileReference section */
		7524181E145DDFB20094DBCC /* rsync-3.0.8 */ = {isa = PBXFileReference; lastKnownFileType = folder; path = "rsync-3.0.8"; sourceTree = "<group>"; };
		75D49B1B145D2022005A03F7 /* rsync_3.0.8 */ = {isa = PBXFileReference; explicitFileType = "compiled.mach-o.executable"; includeInIndex = 0; path = rsync_3.0.8; sourceTree = BUILT_PRODUCTS_DIR; };
/* End PBXFileReference section */

/* Begin PBXFrameworksBuildPhase section */
		75D49B18145D2022005A03F7 /* Frameworks */ = {
			isa = PBXFrameworksBuildPhase;
			buildActionMask = 2147483647;
			files = (
			);
			runOnlyForDeploymentPostprocessing = 0;
		};
/* End PBXFrameworksBuildPhase section */

/* Begin PBXGroup section */
		7548F87E145CF8F9005CFBBB = {
			isa = PBXGroup;
			children = (
				7524181E145DDFB20094DBCC /* rsync-3.0.8 */,
				7548F88A145CF8F9005CFBBB /* Products */,
			);
			sourceTree = "<group>";
		};
		7548F88A145CF8F9005CFBBB /* Products */ = {
			isa = PBXGroup;
			children = (
				75D49B1B145D2022005A03F7 /* rsync_3.0.8 */,
			);
			name = Products;
			sourceTree = "<group>";
		};
/* End PBXGroup section */

/* Begin PBXNativeTarget section */
		75D49B1A145D2022005A03F7 /* rsync_3.0.8 */ = {
			isa = PBXNativeTarget;
			buildConfigurationList = 75D49B22145D2022005A03F7 /* Build configuration list for PBXNativeTarget "rsync_3.0.8" */;
			buildPhases = (
				75D49B17145D2022005A03F7 /* Sources */,
				75D49B18145D2022005A03F7 /* Frameworks */,
				75D49B19145D2022005A03F7 /* CopyFiles */,
				75D49B25145D207F005A03F7 /* ShellScript */,
			);
			buildRules = (
			);
			dependencies = (
			);
			name = rsync_3.0.8;
			productName = rsync_3.0.8;
			productReference = 75D49B1B145D2022005A03F7 /* rsync_3.0.8 */;
			productType = "com.apple.product-type.tool";
		};
/* End PBXNativeTarget section */

/* Begin PBXProject section */
		7548F880145CF8F9005CFBBB /* Project object */ = {
			isa = PBXProject;
			attributes = {
				LastUpgradeCheck = 0420;
			};
			buildConfigurationList = 7548F883145CF8F9005CFBBB /* Build configuration list for PBXProject "rsync" */;
			compatibilityVersion = "Xcode 3.2";
			developmentRegion = English;
			hasScannedForEncodings = 0;
			knownRegions = (
				en,
			);
			mainGroup = 7548F87E145CF8F9005CFBBB;
			productRefGroup = 7548F88A145CF8F9005CFBBB /* Products */;
			projectDirPath = "";
			projectRoot = "";
			targets = (
				75D49B1A145D2022005A03F7 /* rsync_3.0.8 */,
			);
		};
/* End PBXProject section */

/* Begin PBXShellScriptBuildPhase section */
		75D49B25145D207F005A03F7 /* ShellScript */ = {
			isa = PBXShellScriptBuildPhase;
			buildActionMask = 2147483647;
			files = (
			);
			inputPaths = (
			);
			outputPaths = (
			);
			runOnlyForDeploymentPostprocessing = 0;
			shellPath = /bin/sh;
			shellScript = "set -o errexit\nset -o nounset\n\n# Check to see if the built product is present. \n# We only want to rebuild after a clean.\n#\nif [ -f \"${BUILT_PRODUCTS_DIR}/rsync_3.0.8\" ] \nthen\n    exit\nfi\n\n\ncd \"${PROJECT_DIR}/rsync-3.0.8\"\n\n./configure\n\nmake\n\n\nmkdir -p $BUILT_PRODUCTS_DIR\n\ncp rsync \"${BUILT_PRODUCTS_DIR}/rsync_3.0.8\"\n\n";
		};
/* End PBXShellScriptBuildPhase section */

/* Begin PBXSourcesBuildPhase section */
		75D49B17145D2022005A03F7 /* Sources */ = {
			isa = PBXSourcesBuildPhase;
			buildActionMask = 2147483647;
			files = (
			);
			runOnlyForDeploymentPostprocessing = 0;
		};
/* End PBXSourcesBuildPhase section */

/* Begin XCBuildConfiguration section */
		7548F891145CF8F9005CFBBB /* Debug */ = {
			isa = XCBuildConfiguration;
			buildSettings = {
				ALWAYS_SEARCH_USER_PATHS = NO;
				ARCHS = "$(ARCHS_STANDARD_64_BIT)";
				COPY_PHASE_STRIP = NO;
				GCC_C_LANGUAGE_STANDARD = gnu99;
				GCC_DYNAMIC_NO_PIC = NO;
				GCC_ENABLE_OBJC_EXCEPTIONS = YES;
				GCC_OPTIMIZATION_LEVEL = 0;
				GCC_PREPROCESSOR_DEFINITIONS = (
					"DEBUG=1",
					"$(inherited)",
				);
				GCC_SYMBOLS_PRIVATE_EXTERN = NO;
				GCC_VERSION = com.apple.compilers.llvm.clang.1_0;
				GCC_WARN_64_TO_32_BIT_CONVERSION = YES;
				GCC_WARN_ABOUT_MISSING_PROTOTYPES = YES;
				GCC_WARN_ABOUT_RETURN_TYPE = YES;
				GCC_WARN_UNUSED_VARIABLE = YES;
				MACOSX_DEPLOYMENT_TARGET = 10.7;
				ONLY_ACTIVE_ARCH = YES;
				SDKROOT = macosx;
			};
			name = Debug;
		};
		7548F892145CF8F9005CFBBB /* Release */ = {
			isa = XCBuildConfiguration;
			buildSettings = {
				ALWAYS_SEARCH_USER_PATHS = NO;
				ARCHS = "$(ARCHS_STANDARD_64_BIT)";
				COPY_PHASE_STRIP = YES;
				DEBUG_INFORMATION_FORMAT = "dwarf-with-dsym";
				GCC_C_LANGUAGE_STANDARD = gnu99;
				GCC_ENABLE_OBJC_EXCEPTIONS = YES;
				GCC_VERSION = com.apple.compilers.llvm.clang.1_0;
				GCC_WARN_64_TO_32_BIT_CONVERSION = YES;
				GCC_WARN_ABOUT_MISSING_PROTOTYPES = YES;
				GCC_WARN_ABOUT_RETURN_TYPE = YES;
				GCC_WARN_UNUSED_VARIABLE = YES;
				MACOSX_DEPLOYMENT_TARGET = 10.7;
				SDKROOT = macosx;
			};
			name = Release;
		};
		75D49B23145D2022005A03F7 /* Debug */ = {
			isa = XCBuildConfiguration;
			buildSettings = {
				PRODUCT_NAME = "$(TARGET_NAME)";
			};
			name = Debug;
		};
		75D49B24145D2022005A03F7 /* Release */ = {
			isa = XCBuildConfiguration;
			buildSettings = {
				PRODUCT_NAME = "$(TARGET_NAME)";
			};
			name = Release;
		};
/* End XCBuildConfiguration section */

/* Begin XCConfigurationList section */
		7548F883145CF8F9005CFBBB /* Build configuration list for PBXProject "rsync" */ = {
			isa = XCConfigurationList;
			buildConfigurations = (
				7548F891145CF8F9005CFBBB /* Debug */,
				7548F892145CF8F9005CFBBB /* Release */,
			);
			defaultConfigurationIsVisible = 0;
			defaultConfigurationName = Release;
		};
		75D49B22145D2022005A03F7 /* Build configuration list for PBXNativeTarget "rsync_3.0.8" */ = {
			isa = XCConfigurationList;
			buildConfigurations = (
				75D49B23145D2022005A03F7 /* Debug */,
				75D49B24145D2022005A03F7 /* Release */,
			);
			defaultConfigurationIsVisible = 0;
			defaultConfigurationName = Release;
		};
/* End XCConfigurationList section */
	};
	rootObject = 7548F880145CF8F9005CFBBB /* Project object */;
}
